<?xml version="1.0" encoding="utf-8"?>
<Project ToolsVersion="4.0" xmlns="http://schemas.microsoft.com/developer/msbuild/2003">
  <ItemGroup>
    <ClCompile Include="..\..\el\comp\stdafx.cpp">
      <Filter>Comp</Filter>
    </ClCompile>
    <ClCompile Include="..\gui\listview.cpp">
      <Filter>Source Files</Filter>
    </ClCompile>
    <ClCompile Include="..\gui\treeview.cpp">
      <Filter>Source Files</Filter>
    </ClCompile>
    <ClCompile Include="tabcontrol.cpp">
      <Filter>Source Files</Filter>
    </ClCompile>
    <ClCompile Include="toolbar.cpp">
      <Filter>Source Files</Filter>
    </ClCompile>
    <ClCompile Include="winsplit.cpp">
      <Filter>Source Files</Filter>
    </ClCompile>
    <ClCompile Include="mdi.cpp">
      <Filter>Source Files</Filter>
    </ClCompile>
    <ClCompile Include="riched.cpp">
      <Filter>Source Files</Filter>
    </ClCompile>
    <ClCompile Include="frame-wnd.cpp">
      <Filter>Source Files</Filter>
    </ClCompile>
    <ClCompile Include="docview.cpp">
      <Filter>Source Files\FullWin</Filter>
    </ClCompile>
    <ClCompile Include="listctrl.cpp">
      <Filter>Source Files</Filter>
    </ClCompile>
    <ClCompile Include="extgui.cpp">
      <Filter>Source Files</Filter>
    </ClCompile>
    <ClCompile Include="propertysheet.cpp">
      <Filter>Source Files</Filter>
    </ClCompile>
    <ClCompile Include="extmfc.cpp">
      <Filter>Source Files</Filter>
    </ClCompile>
    <ClCompile Include="splash.cpp">
      <Filter>Source Files</Filter>
    </ClCompile>
    <ClCompile Include="extfullgui.cpp">
      <Filter>Source Files\FullWin</Filter>
    </ClCompile>
    <ClCompile Include="tooltip.cpp">
      <Filter>Source Files</Filter>
    </ClCompile>
    <ClCompile Include="controls.cpp">
      <Filter>Source Files</Filter>
    </ClCompile>
    <ClCompile Include="f_querystring.cpp">
      <Filter>Source Files</Filter>
    </ClCompile>
    <ClCompile Include="ole-control.cpp">
      <Filter>Source Files</Filter>
    </ClCompile>
    <ClCompile Include="dialog.cpp">
      <Filter>Source Files</Filter>
    </ClCompile>
    <ClCompile Include="menu.cpp">
      <Filter>Source Files</Filter>
    </ClCompile>
    <ClCompile Include="image.cpp">
      <Filter>Source Files</Filter>
    </ClCompile>
  </ItemGroup>
  <ItemGroup>
    <Filter Include="Comp">
      <UniqueIdentifier>{08ba300c-76f1-4c64-adb5-9848780525d2}</UniqueIdentifier>
    </Filter>
    <Filter Include="Source Files">
      <UniqueIdentifier>{a792ae0c-c5e6-4f8b-8bf2-452bc2db74b0}</UniqueIdentifier>
    </Filter>
    <Filter Include="Resource Files">
      <UniqueIdentifier>{1db31dd6-b64b-4f89-8a19-48b55de39445}</UniqueIdentifier>
    </Filter>
    <Filter Include="Header Files">
      <UniqueIdentifier>{d8e416f8-0a35-40f3-8b18-a55b3f0691cc}</UniqueIdentifier>
    </Filter>
    <Filter Include="Source Files\FullWin">
      <UniqueIdentifier>{9df8d414-8fa7-4b3b-b8e6-d4f392b17ed3}</UniqueIdentifier>
    </Filter>
  </ItemGroup>
  <ItemGroup>
    <ResourceCompile Include="gui.rc">
      <Filter>Resource Files</Filter>
    </ResourceCompile>
  </ItemGroup>
  <ItemGroup>
    <None Include="gui.def">
      <Filter>Resource Files</Filter>
    </None>
    <None Include="gui64.def">
      <Filter>Resource Files</Filter>
    </None>
  </ItemGroup>
  <ItemGroup>
    <ClInclude Include="gui.h">
      <Filter>Header Files</Filter>
    </ClInclude>
    <ClInclude Include="..\gui\listview.h">
      <Filter>Header Files</Filter>
    </ClInclude>
    <ClInclude Include="..\gui\treeview.h">
      <Filter>Header Files</Filter>
    </ClInclude>
    <ClInclude Include="tabcontrol.h">
      <Filter>Header Files</Filter>
    </ClInclude>
    <ClInclude Include="toolbar.h">
      <Filter>Header Files</Filter>
    </ClInclude>
    <ClInclude Include="docview.h">
      <Filter>Header Files</Filter>
    </ClInclude>
    <ClInclude Include="riched.h">
      <Filter>Header Files</Filter>
    </ClInclude>
    <ClInclude Include="..\libext\win32\mfcimpl.h">
      <Filter>Header Files</Filter>
    </ClInclude>
    <ClInclude Include="controls.h">
      <Filter>Header Files</Filter>
    </ClInclude>
    <ClInclude Include="resource.h">
      <Filter>Header Files</Filter>
    </ClInclude>
  </ItemGroup>
</Project>